
Microsoft Visual Studio Solution File, Format Version 12.00
# Visual Studio Version 16
VisualStudioVersion = 16.0.29306.81
MinimumVisualStudioVersion = 10.0.40219.1
Project("{FAE04EC0-301F-11D3-BF4B-00C04F79EFBC}") = "Laba5", "Laba5\Laba5.csproj", "{BFE68B2A-EE77-4450-ABEF-93338327BD39}"
EndProject
Global
	GlobalSection(SolutionConfigurationPlatforms) = preSolution
		Debug|Any CPU = Debug|Any CPU
		Release|Any CPU = Release|Any CPU
	EndGlobalSection
	GlobalSection(ProjectConfigurationPlatforms) = postSolution
		{BFE68B2A-EE77-4450-ABEF-93338327BD39}.Debug|Any CPU.ActiveCfg = Debug|Any CPU
		{BFE68B2A-EE77-4450-ABEF-93338327BD39}.Debug|Any CPU.Build.0 = Debug|Any CPU
		{BFE68B2A-EE77-4450-ABEF-93338327BD39}.Release|Any CPU.ActiveCfg = Release|Any CPU
		{BFE68B2A-EE77-4450-ABEF-93338327BD39}.Release|Any CPU.Build.0 = Release|Any CPU
	EndGlobalSection
	GlobalSection(SolutionProperties) = preSolution
		HideSolutionNode = FALSE
	EndGlobalSection
	GlobalSection(ExtensibilityGlobals) = postSolution
		SolutionGuid = {DF6B7E60-1861-4716-99E6-B5526A1AED7B}
	EndGlobalSection
EndGlobal
